// !$*UTF8*$!
{
	archiveVersion = 1;
	classes = {
	};
	objectVersion = 56;
	objects = {

/* Begin PBXBuildFile section */
		BE3FE3792C1B01B600F58754 /* AppDelegate.swift in Sources */ = {isa = PBXBuildFile; fileRef = BE3FE3782C1B01B600F58754 /* AppDelegate.swift */; };
		BE3FE37B2C1B01B600F58754 /* SceneDelegate.swift in Sources */ = {isa = PBXBuildFile; fileRef = BE3FE37A2C1B01B600F58754 /* SceneDelegate.swift */; };
		BE3FE37D2C1B01B600F58754 /* OnboardingMainViewController.swift in Sources */ = {isa = PBXBuildFile; fileRef = BE3FE37C2C1B01B600F58754 /* OnboardingMainViewController.swift */; };
		BE3FE3822C1B01B800F58754 /* Assets.xcassets in Resources */ = {isa = PBXBuildFile; fileRef = BE3FE3812C1B01B800F58754 /* Assets.xcassets */; };
		BE3FE3852C1B01B800F58754 /* Base in Resources */ = {isa = PBXBuildFile; fileRef = BE3FE3842C1B01B800F58754 /* Base */; };
		BE3FE3962C1B153300F58754 /* .gitignore in Resources */ = {isa = PBXBuildFile; fileRef = BE3FE3952C1B153300F58754 /* .gitignore */; };
		BE3FE3982C1B15DD00F58754 /* .gitmessage.txt in Resources */ = {isa = PBXBuildFile; fileRef = BE3FE3972C1B15DD00F58754 /* .gitmessage.txt */; };
		BE3FE3A32C1B181F00F58754 /* UIKitPreviewHelper.swift in Sources */ = {isa = PBXBuildFile; fileRef = BE3FE3A22C1B181F00F58754 /* UIKitPreviewHelper.swift */; };
		BE3FE3A52C1B1A2600F58754 /* Builder.swift in Sources */ = {isa = PBXBuildFile; fileRef = BE3FE3A42C1B1A2600F58754 /* Builder.swift */; };
		BE3FE3A92C1BC4BE00F58754 /* UserDefaultsWrapper.swift in Sources */ = {isa = PBXBuildFile; fileRef = BE3FE3A82C1BC4BE00F58754 /* UserDefaultsWrapper.swift */; };
		BE3FE3AB2C1BC5AA00F58754 /* Logger.swift in Sources */ = {isa = PBXBuildFile; fileRef = BE3FE3AA2C1BC5AA00F58754 /* Logger.swift */; };
		BE3FE3AE2C1BC96500F58754 /* Profile.swift in Sources */ = {isa = PBXBuildFile; fileRef = BE3FE3AD2C1BC96500F58754 /* Profile.swift */; };
		BE3FE3B12C1C204200F58754 /* SnapKit in Frameworks */ = {isa = PBXBuildFile; productRef = BE3FE3B02C1C204200F58754 /* SnapKit */; };
		BE3FE3B42C1C204E00F58754 /* Kingfisher in Frameworks */ = {isa = PBXBuildFile; productRef = BE3FE3B32C1C204E00F58754 /* Kingfisher */; };
		BE3FE3B72C1C205900F58754 /* Alamofire in Frameworks */ = {isa = PBXBuildFile; productRef = BE3FE3B62C1C205900F58754 /* Alamofire */; };
		BE3FE3BA2C1C2C5000F58754 /* ProfileViewController.swift in Sources */ = {isa = PBXBuildFile; fileRef = BE3FE3B92C1C2C5000F58754 /* ProfileViewController.swift */; };
		BE3FE3BD2C1C301400F58754 /* LargeButton.swift in Sources */ = {isa = PBXBuildFile; fileRef = BE3FE3BC2C1C301400F58754 /* LargeButton.swift */; };
		BE3FE3BF2C1C33F100F58754 /* ProfileButton.swift in Sources */ = {isa = PBXBuildFile; fileRef = BE3FE3BE2C1C33F100F58754 /* ProfileButton.swift */; };
		BE3FE3C22C1C34AC00F58754 /* Constant.swift in Sources */ = {isa = PBXBuildFile; fileRef = BE3FE3C12C1C34AC00F58754 /* Constant.swift */; };
		BE3FE3C42C1C4BA000F58754 /* Appearance.swift in Sources */ = {isa = PBXBuildFile; fileRef = BE3FE3C32C1C4BA000F58754 /* Appearance.swift */; };
		BE3FE3CA2C1D7D4B00F58754 /* NicknameValidator.swift in Sources */ = {isa = PBXBuildFile; fileRef = BE3FE3C92C1D7D4B00F58754 /* NicknameValidator.swift */; };
		BE3FE3CC2C1D7D8B00F58754 /* BaseViewController.swift in Sources */ = {isa = PBXBuildFile; fileRef = BE3FE3CB2C1D7D8B00F58754 /* BaseViewController.swift */; };
		BE3FE3CE2C1D811500F58754 /* ProfileImageViewController.swift in Sources */ = {isa = PBXBuildFile; fileRef = BE3FE3CD2C1D811500F58754 /* ProfileImageViewController.swift */; };
		BE3FE3D02C1D87F000F58754 /* ProfileImageCVCell.swift in Sources */ = {isa = PBXBuildFile; fileRef = BE3FE3CF2C1D87F000F58754 /* ProfileImageCVCell.swift */; };
		BE3FE3D22C1D883A00F58754 /* ProfileImage.swift in Sources */ = {isa = PBXBuildFile; fileRef = BE3FE3D12C1D883A00F58754 /* ProfileImage.swift */; };
		BE3FE3D42C1D894D00F58754 /* ProfileImageView.swift in Sources */ = {isa = PBXBuildFile; fileRef = BE3FE3D32C1D894D00F58754 /* ProfileImageView.swift */; };
		BE3FE3D62C1DB65C00F58754 /* TabBarController.swift in Sources */ = {isa = PBXBuildFile; fileRef = BE3FE3D52C1DB65C00F58754 /* TabBarController.swift */; };
		BE3FE3D82C1DB6CA00F58754 /* SearchViewController.swift in Sources */ = {isa = PBXBuildFile; fileRef = BE3FE3D72C1DB6CA00F58754 /* SearchViewController.swift */; };
		BE3FE3DA2C1DB6F800F58754 /* SettingViewController.swift in Sources */ = {isa = PBXBuildFile; fileRef = BE3FE3D92C1DB6F800F58754 /* SettingViewController.swift */; };
		BE3FE3DC2C1DB95C00F58754 /* EmptySearchHistoryView.swift in Sources */ = {isa = PBXBuildFile; fileRef = BE3FE3DB2C1DB95C00F58754 /* EmptySearchHistoryView.swift */; };
		BE3FE3DE2C1DBB5600F58754 /* SearchHistoryItem.swift in Sources */ = {isa = PBXBuildFile; fileRef = BE3FE3DD2C1DBB5600F58754 /* SearchHistoryItem.swift */; };
		BE3FE3E02C1DBBC000F58754 /* ReuseIdentifiable.swift in Sources */ = {isa = PBXBuildFile; fileRef = BE3FE3DF2C1DBBC000F58754 /* ReuseIdentifiable.swift */; };
		BE3FE3E22C1DBC0300F58754 /* SearchHistoryItemTVCell.swift in Sources */ = {isa = PBXBuildFile; fileRef = BE3FE3E12C1DBC0300F58754 /* SearchHistoryItemTVCell.swift */; };
		BE3FE3E42C1DC4F200F58754 /* SearchHistoryHeaderView.swift in Sources */ = {isa = PBXBuildFile; fileRef = BE3FE3E32C1DC4F200F58754 /* SearchHistoryHeaderView.swift */; };
		BE3FE3E62C1E035400F58754 /* EndpointRepresentable.swift in Sources */ = {isa = PBXBuildFile; fileRef = BE3FE3E52C1E035400F58754 /* EndpointRepresentable.swift */; };
		BE3FE3E92C1E055700F58754 /* NaverSearchEndpoint.swift in Sources */ = {isa = PBXBuildFile; fileRef = BE3FE3E82C1E055700F58754 /* NaverSearchEndpoint.swift */; };
		BE3FE3EC2C1E0B7B00F58754 /* APIKey.swift in Sources */ = {isa = PBXBuildFile; fileRef = BE3FE3EB2C1E0B7B00F58754 /* APIKey.swift */; };
		BE3FE3EE2C1EB4CD00F58754 /* SearchResultViewController.swift in Sources */ = {isa = PBXBuildFile; fileRef = BE3FE3ED2C1EB4CD00F58754 /* SearchResultViewController.swift */; };
		BE3FE3F02C1EBCFC00F58754 /* SearchResultFilterButton.swift in Sources */ = {isa = PBXBuildFile; fileRef = BE3FE3EF2C1EBCFC00F58754 /* SearchResultFilterButton.swift */; };
		BE3FE3F22C1ECAFB00F58754 /* SearchResultCVCell.swift in Sources */ = {isa = PBXBuildFile; fileRef = BE3FE3F12C1ECAFB00F58754 /* SearchResultCVCell.swift */; };
/* End PBXBuildFile section */

/* Begin PBXFileReference section */
		BE3FE3752C1B01B600F58754 /* MeaningOut.app */ = {isa = PBXFileReference; explicitFileType = wrapper.application; includeInIndex = 0; path = MeaningOut.app; sourceTree = BUILT_PRODUCTS_DIR; };
		BE3FE3782C1B01B600F58754 /* AppDelegate.swift */ = {isa = PBXFileReference; lastKnownFileType = sourcecode.swift; path = AppDelegate.swift; sourceTree = "<group>"; };
		BE3FE37A2C1B01B600F58754 /* SceneDelegate.swift */ = {isa = PBXFileReference; lastKnownFileType = sourcecode.swift; path = SceneDelegate.swift; sourceTree = "<group>"; };
		BE3FE37C2C1B01B600F58754 /* OnboardingMainViewController.swift */ = {isa = PBXFileReference; lastKnownFileType = sourcecode.swift; path = OnboardingMainViewController.swift; sourceTree = "<group>"; };
		BE3FE3812C1B01B800F58754 /* Assets.xcassets */ = {isa = PBXFileReference; lastKnownFileType = folder.assetcatalog; path = Assets.xcassets; sourceTree = "<group>"; };
		BE3FE3842C1B01B800F58754 /* Base */ = {isa = PBXFileReference; lastKnownFileType = file.storyboard; name = Base; path = Base.lproj/LaunchScreen.storyboard; sourceTree = "<group>"; };
		BE3FE3862C1B01B800F58754 /* Info.plist */ = {isa = PBXFileReference; lastKnownFileType = text.plist.xml; path = Info.plist; sourceTree = "<group>"; };
		BE3FE3952C1B153300F58754 /* .gitignore */ = {isa = PBXFileReference; fileEncoding = 4; lastKnownFileType = text; path = .gitignore; sourceTree = "<group>"; };
		BE3FE3972C1B15DD00F58754 /* .gitmessage.txt */ = {isa = PBXFileReference; fileEncoding = 4; lastKnownFileType = text; path = .gitmessage.txt; sourceTree = "<group>"; };
		BE3FE3A22C1B181F00F58754 /* UIKitPreviewHelper.swift */ = {isa = PBXFileReference; lastKnownFileType = sourcecode.swift; path = UIKitPreviewHelper.swift; sourceTree = "<group>"; };
		BE3FE3A42C1B1A2600F58754 /* Builder.swift */ = {isa = PBXFileReference; lastKnownFileType = sourcecode.swift; path = Builder.swift; sourceTree = "<group>"; };
		BE3FE3A82C1BC4BE00F58754 /* UserDefaultsWrapper.swift */ = {isa = PBXFileReference; lastKnownFileType = sourcecode.swift; path = UserDefaultsWrapper.swift; sourceTree = "<group>"; };
		BE3FE3AA2C1BC5AA00F58754 /* Logger.swift */ = {isa = PBXFileReference; lastKnownFileType = sourcecode.swift; path = Logger.swift; sourceTree = "<group>"; };
		BE3FE3AD2C1BC96500F58754 /* Profile.swift */ = {isa = PBXFileReference; lastKnownFileType = sourcecode.swift; path = Profile.swift; sourceTree = "<group>"; };
		BE3FE3B92C1C2C5000F58754 /* ProfileViewController.swift */ = {isa = PBXFileReference; lastKnownFileType = sourcecode.swift; path = ProfileViewController.swift; sourceTree = "<group>"; };
		BE3FE3BC2C1C301400F58754 /* LargeButton.swift */ = {isa = PBXFileReference; lastKnownFileType = sourcecode.swift; path = LargeButton.swift; sourceTree = "<group>"; };
		BE3FE3BE2C1C33F100F58754 /* ProfileButton.swift */ = {isa = PBXFileReference; lastKnownFileType = sourcecode.swift; path = ProfileButton.swift; sourceTree = "<group>"; };
		BE3FE3C12C1C34AC00F58754 /* Constant.swift */ = {isa = PBXFileReference; lastKnownFileType = sourcecode.swift; path = Constant.swift; sourceTree = "<group>"; };
		BE3FE3C32C1C4BA000F58754 /* Appearance.swift */ = {isa = PBXFileReference; lastKnownFileType = sourcecode.swift; path = Appearance.swift; sourceTree = "<group>"; };
		BE3FE3C92C1D7D4B00F58754 /* NicknameValidator.swift */ = {isa = PBXFileReference; fileEncoding = 4; lastKnownFileType = sourcecode.swift; path = NicknameValidator.swift; sourceTree = "<group>"; };
		BE3FE3CB2C1D7D8B00F58754 /* BaseViewController.swift */ = {isa = PBXFileReference; lastKnownFileType = sourcecode.swift; path = BaseViewController.swift; sourceTree = "<group>"; };
		BE3FE3CD2C1D811500F58754 /* ProfileImageViewController.swift */ = {isa = PBXFileReference; lastKnownFileType = sourcecode.swift; path = ProfileImageViewController.swift; sourceTree = "<group>"; };
		BE3FE3CF2C1D87F000F58754 /* ProfileImageCVCell.swift */ = {isa = PBXFileReference; lastKnownFileType = sourcecode.swift; path = ProfileImageCVCell.swift; sourceTree = "<group>"; };
		BE3FE3D12C1D883A00F58754 /* ProfileImage.swift */ = {isa = PBXFileReference; lastKnownFileType = sourcecode.swift; path = ProfileImage.swift; sourceTree = "<group>"; };
		BE3FE3D32C1D894D00F58754 /* ProfileImageView.swift */ = {isa = PBXFileReference; lastKnownFileType = sourcecode.swift; path = ProfileImageView.swift; sourceTree = "<group>"; };
		BE3FE3D52C1DB65C00F58754 /* TabBarController.swift */ = {isa = PBXFileReference; lastKnownFileType = sourcecode.swift; path = TabBarController.swift; sourceTree = "<group>"; };
		BE3FE3D72C1DB6CA00F58754 /* SearchViewController.swift */ = {isa = PBXFileReference; lastKnownFileType = sourcecode.swift; path = SearchViewController.swift; sourceTree = "<group>"; };
		BE3FE3D92C1DB6F800F58754 /* SettingViewController.swift */ = {isa = PBXFileReference; lastKnownFileType = sourcecode.swift; path = SettingViewController.swift; sourceTree = "<group>"; };
		BE3FE3DB2C1DB95C00F58754 /* EmptySearchHistoryView.swift */ = {isa = PBXFileReference; lastKnownFileType = sourcecode.swift; path = EmptySearchHistoryView.swift; sourceTree = "<group>"; };
		BE3FE3DD2C1DBB5600F58754 /* SearchHistoryItem.swift */ = {isa = PBXFileReference; lastKnownFileType = sourcecode.swift; path = SearchHistoryItem.swift; sourceTree = "<group>"; };
		BE3FE3DF2C1DBBC000F58754 /* ReuseIdentifiable.swift */ = {isa = PBXFileReference; lastKnownFileType = sourcecode.swift; path = ReuseIdentifiable.swift; sourceTree = "<group>"; };
		BE3FE3E12C1DBC0300F58754 /* SearchHistoryItemTVCell.swift */ = {isa = PBXFileReference; lastKnownFileType = sourcecode.swift; path = SearchHistoryItemTVCell.swift; sourceTree = "<group>"; };
		BE3FE3E32C1DC4F200F58754 /* SearchHistoryHeaderView.swift */ = {isa = PBXFileReference; lastKnownFileType = sourcecode.swift; path = SearchHistoryHeaderView.swift; sourceTree = "<group>"; };
		BE3FE3E52C1E035400F58754 /* EndpointRepresentable.swift */ = {isa = PBXFileReference; lastKnownFileType = sourcecode.swift; path = EndpointRepresentable.swift; sourceTree = "<group>"; };
		BE3FE3E82C1E055700F58754 /* NaverSearchEndpoint.swift */ = {isa = PBXFileReference; lastKnownFileType = sourcecode.swift; path = NaverSearchEndpoint.swift; sourceTree = "<group>"; };
		BE3FE3EA2C1E0AF400F58754 /* Debug.xcconfig */ = {isa = PBXFileReference; lastKnownFileType = text.xcconfig; path = Debug.xcconfig; sourceTree = "<group>"; };
		BE3FE3EB2C1E0B7B00F58754 /* APIKey.swift */ = {isa = PBXFileReference; lastKnownFileType = sourcecode.swift; path = APIKey.swift; sourceTree = "<group>"; };
		BE3FE3ED2C1EB4CD00F58754 /* SearchResultViewController.swift */ = {isa = PBXFileReference; lastKnownFileType = sourcecode.swift; path = SearchResultViewController.swift; sourceTree = "<group>"; };
		BE3FE3EF2C1EBCFC00F58754 /* SearchResultFilterButton.swift */ = {isa = PBXFileReference; lastKnownFileType = sourcecode.swift; path = SearchResultFilterButton.swift; sourceTree = "<group>"; };
		BE3FE3F12C1ECAFB00F58754 /* SearchResultCVCell.swift */ = {isa = PBXFileReference; lastKnownFileType = sourcecode.swift; path = SearchResultCVCell.swift; sourceTree = "<group>"; };
/* End PBXFileReference section */

/* Begin PBXFrameworksBuildPhase section */
		BE3FE3722C1B01B600F58754 /* Frameworks */ = {
			isa = PBXFrameworksBuildPhase;
			buildActionMask = 2147483647;
			files = (
				BE3FE3B72C1C205900F58754 /* Alamofire in Frameworks */,
				BE3FE3B42C1C204E00F58754 /* Kingfisher in Frameworks */,
				BE3FE3B12C1C204200F58754 /* SnapKit in Frameworks */,
			);
			runOnlyForDeploymentPostprocessing = 0;
		};
/* End PBXFrameworksBuildPhase section */

/* Begin PBXGroup section */
		BE3FE36C2C1B01B600F58754 = {
			isa = PBXGroup;
			children = (
				BE3FE3952C1B153300F58754 /* .gitignore */,
				BE3FE3972C1B15DD00F58754 /* .gitmessage.txt */,
				BE3FE3772C1B01B600F58754 /* MeaningOut */,
				BE3FE3762C1B01B600F58754 /* Products */,
			);
			sourceTree = "<group>";
		};
		BE3FE3762C1B01B600F58754 /* Products */ = {
			isa = PBXGroup;
			children = (
				BE3FE3752C1B01B600F58754 /* MeaningOut.app */,
			);
			name = Products;
			sourceTree = "<group>";
		};
		BE3FE3772C1B01B600F58754 /* MeaningOut */ = {
			isa = PBXGroup;
			children = (
				BE3FE38D2C1B01E700F58754 /* Sources */,
				BE3FE38C2C1B01C000F58754 /* Resources */,
			);
			path = MeaningOut;
			sourceTree = "<group>";
		};
		BE3FE38C2C1B01C000F58754 /* Resources */ = {
			isa = PBXGroup;
			children = (
				BE3FE3812C1B01B800F58754 /* Assets.xcassets */,
				BE3FE3832C1B01B800F58754 /* LaunchScreen.storyboard */,
				BE3FE3862C1B01B800F58754 /* Info.plist */,
				BE3FE3EA2C1E0AF400F58754 /* Debug.xcconfig */,
			);
			path = Resources;
			sourceTree = "<group>";
		};
		BE3FE38D2C1B01E700F58754 /* Sources */ = {
			isa = PBXGroup;
			children = (
				BE3FE38F2C1B020200F58754 /* View */,
				BE3FE3AC2C1BC95C00F58754 /* Model */,
				BE3FE3942C1B136800F58754 /* Utility */,
				BE3FE38E2C1B01EC00F58754 /* App */,
			);
			path = Sources;
			sourceTree = "<group>";
		};
		BE3FE38E2C1B01EC00F58754 /* App */ = {
			isa = PBXGroup;
			children = (
				BE3FE3782C1B01B600F58754 /* AppDelegate.swift */,
				BE3FE37A2C1B01B600F58754 /* SceneDelegate.swift */,
				BE3FE3C32C1C4BA000F58754 /* Appearance.swift */,
			);
			path = App;
			sourceTree = "<group>";
		};
		BE3FE38F2C1B020200F58754 /* View */ = {
			isa = PBXGroup;
			children = (
				BE3FE3F32C1ECF0000F58754 /* Onboarding */,
				BE3FE3F42C1ECF1D00F58754 /* MainTab */,
				BE3FE3F82C1ECF8200F58754 /* Profile */,
				BE3FE3BB2C1C2FDE00F58754 /* Common */,
			);
			path = View;
			sourceTree = "<group>";
		};
		BE3FE3942C1B136800F58754 /* Utility */ = {
			isa = PBXGroup;
			children = (
				BE3FE3A22C1B181F00F58754 /* UIKitPreviewHelper.swift */,
				BE3FE3A42C1B1A2600F58754 /* Builder.swift */,
				BE3FE3A82C1BC4BE00F58754 /* UserDefaultsWrapper.swift */,
				BE3FE3AA2C1BC5AA00F58754 /* Logger.swift */,
				BE3FE3C92C1D7D4B00F58754 /* NicknameValidator.swift */,
				BE3FE3C12C1C34AC00F58754 /* Constant.swift */,
				BE3FE3DF2C1DBBC000F58754 /* ReuseIdentifiable.swift */,
				BE3FE3EB2C1E0B7B00F58754 /* APIKey.swift */,
				BE3FE3E72C1E04ED00F58754 /* Endpoint */,
			);
			path = Utility;
			sourceTree = "<group>";
		};
		BE3FE3AC2C1BC95C00F58754 /* Model */ = {
			isa = PBXGroup;
			children = (
				BE3FE3AD2C1BC96500F58754 /* Profile.swift */,
				BE3FE3D12C1D883A00F58754 /* ProfileImage.swift */,
				BE3FE3DD2C1DBB5600F58754 /* SearchHistoryItem.swift */,
			);
			path = Model;
			sourceTree = "<group>";
		};
		BE3FE3BB2C1C2FDE00F58754 /* Common */ = {
			isa = PBXGroup;
			children = (
				BE3FE3BC2C1C301400F58754 /* LargeButton.swift */,
				BE3FE3D32C1D894D00F58754 /* ProfileImageView.swift */,
				BE3FE3BE2C1C33F100F58754 /* ProfileButton.swift */,
				BE3FE3CB2C1D7D8B00F58754 /* BaseViewController.swift */,
			);
			path = Common;
			sourceTree = "<group>";
		};
		BE3FE3E72C1E04ED00F58754 /* Endpoint */ = {
			isa = PBXGroup;
			children = (
				BE3FE3E52C1E035400F58754 /* EndpointRepresentable.swift */,
				BE3FE3E82C1E055700F58754 /* NaverSearchEndpoint.swift */,
			);
			path = Endpoint;
			sourceTree = "<group>";
		};
		BE3FE3F32C1ECF0000F58754 /* Onboarding */ = {
			isa = PBXGroup;
			children = (
				BE3FE37C2C1B01B600F58754 /* OnboardingMainViewController.swift */,
			);
			path = Onboarding;
			sourceTree = "<group>";
		};
		BE3FE3F42C1ECF1D00F58754 /* MainTab */ = {
			isa = PBXGroup;
			children = (
				BE3FE3D52C1DB65C00F58754 /* TabBarController.swift */,
				BE3FE3F52C1ECF4700F58754 /* Search */,
				BE3FE3F62C1ECF4C00F58754 /* Setting */,
			);
			path = MainTab;
			sourceTree = "<group>";
		};
		BE3FE3F52C1ECF4700F58754 /* Search */ = {
			isa = PBXGroup;
			children = (
				BE3FE3F72C1ECF5900F58754 /* Result */,
				BE3FE3D72C1DB6CA00F58754 /* SearchViewController.swift */,
				BE3FE3DB2C1DB95C00F58754 /* EmptySearchHistoryView.swift */,
				BE3FE3E32C1DC4F200F58754 /* SearchHistoryHeaderView.swift */,
				BE3FE3E12C1DBC0300F58754 /* SearchHistoryItemTVCell.swift */,
			);
			path = Search;
			sourceTree = "<group>";
		};
		BE3FE3F62C1ECF4C00F58754 /* Setting */ = {
			isa = PBXGroup;
			children = (
				BE3FE3D92C1DB6F800F58754 /* SettingViewController.swift */,
			);
			path = Setting;
			sourceTree = "<group>";
		};
		BE3FE3F72C1ECF5900F58754 /* Result */ = {
			isa = PBXGroup;
			children = (
				BE3FE3ED2C1EB4CD00F58754 /* SearchResultViewController.swift */,
				BE3FE3EF2C1EBCFC00F58754 /* SearchResultFilterButton.swift */,
				BE3FE3F12C1ECAFB00F58754 /* SearchResultCVCell.swift */,
			);
			path = Result;
			sourceTree = "<group>";
		};
		BE3FE3F82C1ECF8200F58754 /* Profile */ = {
			isa = PBXGroup;
			children = (
				BE3FE3B92C1C2C5000F58754 /* ProfileViewController.swift */,
				BE3FE3CD2C1D811500F58754 /* ProfileImageViewController.swift */,
				BE3FE3CF2C1D87F000F58754 /* ProfileImageCVCell.swift */,
			);
			path = Profile;
			sourceTree = "<group>";
		};
/* End PBXGroup section */

/* Begin PBXNativeTarget section */
		BE3FE3742C1B01B600F58754 /* MeaningOut */ = {
			isa = PBXNativeTarget;
			buildConfigurationList = BE3FE3892C1B01B800F58754 /* Build configuration list for PBXNativeTarget "MeaningOut" */;
			buildPhases = (
				BE3FE3712C1B01B600F58754 /* Sources */,
				BE3FE3722C1B01B600F58754 /* Frameworks */,
				BE3FE3732C1B01B600F58754 /* Resources */,
			);
			buildRules = (
			);
			dependencies = (
			);
			name = MeaningOut;
			packageProductDependencies = (
				BE3FE3B02C1C204200F58754 /* SnapKit */,
				BE3FE3B32C1C204E00F58754 /* Kingfisher */,
				BE3FE3B62C1C205900F58754 /* Alamofire */,
			);
			productName = MeaningOut;
			productReference = BE3FE3752C1B01B600F58754 /* MeaningOut.app */;
			productType = "com.apple.product-type.application";
		};
/* End PBXNativeTarget section */

/* Begin PBXProject section */
		BE3FE36D2C1B01B600F58754 /* Project object */ = {
			isa = PBXProject;
			attributes = {
				BuildIndependentTargetsInParallel = 1;
				LastSwiftUpdateCheck = 1540;
				LastUpgradeCheck = 1540;
				TargetAttributes = {
					BE3FE3742C1B01B600F58754 = {
						CreatedOnToolsVersion = 15.4;
					};
				};
			};
			buildConfigurationList = BE3FE3702C1B01B600F58754 /* Build configuration list for PBXProject "MeaningOut" */;
			compatibilityVersion = "Xcode 14.0";
			developmentRegion = en;
			hasScannedForEncodings = 0;
			knownRegions = (
				en,
				Base,
			);
			mainGroup = BE3FE36C2C1B01B600F58754;
			packageReferences = (
				BE3FE3AF2C1C204200F58754 /* XCRemoteSwiftPackageReference "SnapKit" */,
				BE3FE3B22C1C204E00F58754 /* XCRemoteSwiftPackageReference "Kingfisher" */,
				BE3FE3B52C1C205900F58754 /* XCRemoteSwiftPackageReference "Alamofire" */,
			);
			productRefGroup = BE3FE3762C1B01B600F58754 /* Products */;
			projectDirPath = "";
			projectRoot = "";
			targets = (
				BE3FE3742C1B01B600F58754 /* MeaningOut */,
			);
		};
/* End PBXProject section */

/* Begin PBXResourcesBuildPhase section */
		BE3FE3732C1B01B600F58754 /* Resources */ = {
			isa = PBXResourcesBuildPhase;
			buildActionMask = 2147483647;
			files = (
				BE3FE3982C1B15DD00F58754 /* .gitmessage.txt in Resources */,
				BE3FE3822C1B01B800F58754 /* Assets.xcassets in Resources */,
				BE3FE3962C1B153300F58754 /* .gitignore in Resources */,
				BE3FE3852C1B01B800F58754 /* Base in Resources */,
			);
			runOnlyForDeploymentPostprocessing = 0;
		};
/* End PBXResourcesBuildPhase section */

/* Begin PBXSourcesBuildPhase section */
		BE3FE3712C1B01B600F58754 /* Sources */ = {
			isa = PBXSourcesBuildPhase;
			buildActionMask = 2147483647;
			files = (
				BE3FE37D2C1B01B600F58754 /* OnboardingMainViewController.swift in Sources */,
				BE3FE3DE2C1DBB5600F58754 /* SearchHistoryItem.swift in Sources */,
				BE3FE3DA2C1DB6F800F58754 /* SettingViewController.swift in Sources */,
				BE3FE3BD2C1C301400F58754 /* LargeButton.swift in Sources */,
				BE3FE3EC2C1E0B7B00F58754 /* APIKey.swift in Sources */,
				BE3FE3CA2C1D7D4B00F58754 /* NicknameValidator.swift in Sources */,
				BE3FE3EE2C1EB4CD00F58754 /* SearchResultViewController.swift in Sources */,
				BE3FE3DC2C1DB95C00F58754 /* EmptySearchHistoryView.swift in Sources */,
				BE3FE3AE2C1BC96500F58754 /* Profile.swift in Sources */,
				BE3FE3BF2C1C33F100F58754 /* ProfileButton.swift in Sources */,
				BE3FE3CC2C1D7D8B00F58754 /* BaseViewController.swift in Sources */,
				BE3FE3F22C1ECAFB00F58754 /* SearchResultCVCell.swift in Sources */,
				BE3FE3C42C1C4BA000F58754 /* Appearance.swift in Sources */,
				BE3FE3D42C1D894D00F58754 /* ProfileImageView.swift in Sources */,
				BE3FE3792C1B01B600F58754 /* AppDelegate.swift in Sources */,
				BE3FE37B2C1B01B600F58754 /* SceneDelegate.swift in Sources */,
				BE3FE3E02C1DBBC000F58754 /* ReuseIdentifiable.swift in Sources */,
				BE3FE3F02C1EBCFC00F58754 /* SearchResultFilterButton.swift in Sources */,
				BE3FE3A32C1B181F00F58754 /* UIKitPreviewHelper.swift in Sources */,
				BE3FE3E62C1E035400F58754 /* EndpointRepresentable.swift in Sources */,
				BE3FE3AB2C1BC5AA00F58754 /* Logger.swift in Sources */,
				BE3FE3E92C1E055700F58754 /* NaverSearchEndpoint.swift in Sources */,
				BE3FE3A92C1BC4BE00F58754 /* UserDefaultsWrapper.swift in Sources */,
				BE3FE3D62C1DB65C00F58754 /* TabBarController.swift in Sources */,
				BE3FE3D02C1D87F000F58754 /* ProfileImageCVCell.swift in Sources */,
				BE3FE3E22C1DBC0300F58754 /* SearchHistoryItemTVCell.swift in Sources */,
				BE3FE3E42C1DC4F200F58754 /* SearchHistoryHeaderView.swift in Sources */,
				BE3FE3D82C1DB6CA00F58754 /* SearchViewController.swift in Sources */,
				BE3FE3D22C1D883A00F58754 /* ProfileImage.swift in Sources */,
				BE3FE3CE2C1D811500F58754 /* ProfileImageViewController.swift in Sources */,
				BE3FE3BA2C1C2C5000F58754 /* ProfileViewController.swift in Sources */,
				BE3FE3A52C1B1A2600F58754 /* Builder.swift in Sources */,
				BE3FE3C22C1C34AC00F58754 /* Constant.swift in Sources */,
			);
			runOnlyForDeploymentPostprocessing = 0;
		};
/* End PBXSourcesBuildPhase section */

/* Begin PBXVariantGroup section */
		BE3FE3832C1B01B800F58754 /* LaunchScreen.storyboard */ = {
			isa = PBXVariantGroup;
			children = (
				BE3FE3842C1B01B800F58754 /* Base */,
			);
			name = LaunchScreen.storyboard;
			sourceTree = "<group>";
		};
/* End PBXVariantGroup section */

/* Begin XCBuildConfiguration section */
		BE3FE3872C1B01B800F58754 /* Debug */ = {
			isa = XCBuildConfiguration;
			baseConfigurationReference = BE3FE3EA2C1E0AF400F58754 /* Debug.xcconfig */;
			buildSettings = {
				ALWAYS_SEARCH_USER_PATHS = NO;
				ASSETCATALOG_COMPILER_GENERATE_SWIFT_ASSET_SYMBOL_EXTENSIONS = YES;
				CLANG_ANALYZER_NONNULL = YES;
				CLANG_ANALYZER_NUMBER_OBJECT_CONVERSION = YES_AGGRESSIVE;
				CLANG_CXX_LANGUAGE_STANDARD = "gnu++20";
				CLANG_ENABLE_MODULES = YES;
				CLANG_ENABLE_OBJC_ARC = YES;
				CLANG_ENABLE_OBJC_WEAK = YES;
				CLANG_WARN_BLOCK_CAPTURE_AUTORELEASING = YES;
				CLANG_WARN_BOOL_CONVERSION = YES;
				CLANG_WARN_COMMA = YES;
				CLANG_WARN_CONSTANT_CONVERSION = YES;
				CLANG_WARN_DEPRECATED_OBJC_IMPLEMENTATIONS = YES;
				CLANG_WARN_DIRECT_OBJC_ISA_USAGE = YES_ERROR;
				CLANG_WARN_DOCUMENTATION_COMMENTS = YES;
				CLANG_WARN_EMPTY_BODY = YES;
				CLANG_WARN_ENUM_CONVERSION = YES;
				CLANG_WARN_INFINITE_RECURSION = YES;
				CLANG_WARN_INT_CONVERSION = YES;
				CLANG_WARN_NON_LITERAL_NULL_CONVERSION = YES;
				CLANG_WARN_OBJC_IMPLICIT_RETAIN_SELF = YES;
				CLANG_WARN_OBJC_LITERAL_CONVERSION = YES;
				CLANG_WARN_OBJC_ROOT_CLASS = YES_ERROR;
				CLANG_WARN_QUOTED_INCLUDE_IN_FRAMEWORK_HEADER = YES;
				CLANG_WARN_RANGE_LOOP_ANALYSIS = YES;
				CLANG_WARN_STRICT_PROTOTYPES = YES;
				CLANG_WARN_SUSPICIOUS_MOVE = YES;
				CLANG_WARN_UNGUARDED_AVAILABILITY = YES_AGGRESSIVE;
				CLANG_WARN_UNREACHABLE_CODE = YES;
				CLANG_WARN__DUPLICATE_METHOD_MATCH = YES;
				COPY_PHASE_STRIP = NO;
				DEBUG_INFORMATION_FORMAT = dwarf;
				ENABLE_STRICT_OBJC_MSGSEND = YES;
				ENABLE_TESTABILITY = YES;
				ENABLE_USER_SCRIPT_SANDBOXING = YES;
				GCC_C_LANGUAGE_STANDARD = gnu17;
				GCC_DYNAMIC_NO_PIC = NO;
				GCC_NO_COMMON_BLOCKS = YES;
				GCC_OPTIMIZATION_LEVEL = 0;
				GCC_PREPROCESSOR_DEFINITIONS = (
					"DEBUG=1",
					"$(inherited)",
				);
				GCC_WARN_64_TO_32_BIT_CONVERSION = YES;
				GCC_WARN_ABOUT_RETURN_TYPE = YES_ERROR;
				GCC_WARN_UNDECLARED_SELECTOR = YES;
				GCC_WARN_UNINITIALIZED_AUTOS = YES_AGGRESSIVE;
				GCC_WARN_UNUSED_FUNCTION = YES;
				GCC_WARN_UNUSED_VARIABLE = YES;
				IPHONEOS_DEPLOYMENT_TARGET = 15.0;
				LOCALIZATION_PREFERS_STRING_CATALOGS = YES;
				MTL_ENABLE_DEBUG_INFO = INCLUDE_SOURCE;
				MTL_FAST_MATH = YES;
				ONLY_ACTIVE_ARCH = YES;
				SDKROOT = iphoneos;
				SWIFT_ACTIVE_COMPILATION_CONDITIONS = "DEBUG $(inherited)";
				SWIFT_OPTIMIZATION_LEVEL = "-Onone";
			};
			name = Debug;
		};
		BE3FE3882C1B01B800F58754 /* Release */ = {
			isa = XCBuildConfiguration;
			buildSettings = {
				ALWAYS_SEARCH_USER_PATHS = NO;
				ASSETCATALOG_COMPILER_GENERATE_SWIFT_ASSET_SYMBOL_EXTENSIONS = YES;
				CLANG_ANALYZER_NONNULL = YES;
				CLANG_ANALYZER_NUMBER_OBJECT_CONVERSION = YES_AGGRESSIVE;
				CLANG_CXX_LANGUAGE_STANDARD = "gnu++20";
				CLANG_ENABLE_MODULES = YES;
				CLANG_ENABLE_OBJC_ARC = YES;
				CLANG_ENABLE_OBJC_WEAK = YES;
				CLANG_WARN_BLOCK_CAPTURE_AUTORELEASING = YES;
				CLANG_WARN_BOOL_CONVERSION = YES;
				CLANG_WARN_COMMA = YES;
				CLANG_WARN_CONSTANT_CONVERSION = YES;
				CLANG_WARN_DEPRECATED_OBJC_IMPLEMENTATIONS = YES;
				CLANG_WARN_DIRECT_OBJC_ISA_USAGE = YES_ERROR;
				CLANG_WARN_DOCUMENTATION_COMMENTS = YES;
				CLANG_WARN_EMPTY_BODY = YES;
				CLANG_WARN_ENUM_CONVERSION = YES;
				CLANG_WARN_INFINITE_RECURSION = YES;
				CLANG_WARN_INT_CONVERSION = YES;
				CLANG_WARN_NON_LITERAL_NULL_CONVERSION = YES;
				CLANG_WARN_OBJC_IMPLICIT_RETAIN_SELF = YES;
				CLANG_WARN_OBJC_LITERAL_CONVERSION = YES;
				CLANG_WARN_OBJC_ROOT_CLASS = YES_ERROR;
				CLANG_WARN_QUOTED_INCLUDE_IN_FRAMEWORK_HEADER = YES;
				CLANG_WARN_RANGE_LOOP_ANALYSIS = YES;
				CLANG_WARN_STRICT_PROTOTYPES = YES;
				CLANG_WARN_SUSPICIOUS_MOVE = YES;
				CLANG_WARN_UNGUARDED_AVAILABILITY = YES_AGGRESSIVE;
				CLANG_WARN_UNREACHABLE_CODE = YES;
				CLANG_WARN__DUPLICATE_METHOD_MATCH = YES;
				COPY_PHASE_STRIP = NO;
				DEBUG_INFORMATION_FORMAT = "dwarf-with-dsym";
				ENABLE_NS_ASSERTIONS = NO;
				ENABLE_STRICT_OBJC_MSGSEND = YES;
				ENABLE_USER_SCRIPT_SANDBOXING = YES;
				GCC_C_LANGUAGE_STANDARD = gnu17;
				GCC_NO_COMMON_BLOCKS = YES;
				GCC_WARN_64_TO_32_BIT_CONVERSION = YES;
				GCC_WARN_ABOUT_RETURN_TYPE = YES_ERROR;
				GCC_WARN_UNDECLARED_SELECTOR = YES;
				GCC_WARN_UNINITIALIZED_AUTOS = YES_AGGRESSIVE;
				GCC_WARN_UNUSED_FUNCTION = YES;
				GCC_WARN_UNUSED_VARIABLE = YES;
				IPHONEOS_DEPLOYMENT_TARGET = 15.0;
				LOCALIZATION_PREFERS_STRING_CATALOGS = YES;
				MTL_ENABLE_DEBUG_INFO = NO;
				MTL_FAST_MATH = YES;
				SDKROOT = iphoneos;
				SWIFT_COMPILATION_MODE = wholemodule;
				VALIDATE_PRODUCT = YES;
			};
			name = Release;
		};
		BE3FE38A2C1B01B800F58754 /* Debug */ = {
			isa = XCBuildConfiguration;
			baseConfigurationReference = BE3FE3EA2C1E0AF400F58754 /* Debug.xcconfig */;
			buildSettings = {
				ASSETCATALOG_COMPILER_APPICON_NAME = AppIcon;
				ASSETCATALOG_COMPILER_GLOBAL_ACCENT_COLOR_NAME = AccentColor;
				CODE_SIGN_STYLE = Automatic;
				CURRENT_PROJECT_VERSION = 1;
				DEVELOPMENT_TEAM = ASU4PNB5MG;
				GENERATE_INFOPLIST_FILE = YES;
				INFOPLIST_FILE = MeaningOut/Resources/Info.plist;
				INFOPLIST_KEY_CFBundleDisplayName = "김건섭";
				INFOPLIST_KEY_UIApplicationSupportsIndirectInputEvents = YES;
				INFOPLIST_KEY_UILaunchStoryboardName = LaunchScreen;
				INFOPLIST_KEY_UISupportedInterfaceOrientations = UIInterfaceOrientationPortrait;
				INFOPLIST_KEY_UIUserInterfaceStyle = Light;
				IPHONEOS_DEPLOYMENT_TARGET = 15.0;
				LD_RUNPATH_SEARCH_PATHS = (
					"$(inherited)",
					"@executable_path/Frameworks",
				);
				MARKETING_VERSION = 0.0.1;
				PRODUCT_BUNDLE_IDENTIFIER = com.geonseobkim.MeaningOut;
				PRODUCT_NAME = "$(TARGET_NAME)";
				SUPPORTED_PLATFORMS = "iphoneos iphonesimulator";
				SUPPORTS_MACCATALYST = NO;
				SUPPORTS_MAC_DESIGNED_FOR_IPHONE_IPAD = NO;
				SUPPORTS_XR_DESIGNED_FOR_IPHONE_IPAD = NO;
				SWIFT_EMIT_LOC_STRINGS = YES;
				SWIFT_VERSION = 5.0;
				TARGETED_DEVICE_FAMILY = 1;
			};
			name = Debug;
		};
		BE3FE38B2C1B01B800F58754 /* Release */ = {
			isa = XCBuildConfiguration;
			buildSettings = {
				ASSETCATALOG_COMPILER_APPICON_NAME = AppIcon;
				ASSETCATALOG_COMPILER_GLOBAL_ACCENT_COLOR_NAME = AccentColor;
				CODE_SIGN_STYLE = Automatic;
				CURRENT_PROJECT_VERSION = 1;
				DEVELOPMENT_TEAM = ASU4PNB5MG;
				GENERATE_INFOPLIST_FILE = YES;
				INFOPLIST_FILE = MeaningOut/Resources/Info.plist;
				INFOPLIST_KEY_CFBundleDisplayName = "김건섭";
				INFOPLIST_KEY_UIApplicationSupportsIndirectInputEvents = YES;
				INFOPLIST_KEY_UILaunchStoryboardName = LaunchScreen;
				INFOPLIST_KEY_UISupportedInterfaceOrientations = UIInterfaceOrientationPortrait;
				INFOPLIST_KEY_UIUserInterfaceStyle = Light;
				IPHONEOS_DEPLOYMENT_TARGET = 15.0;
				LD_RUNPATH_SEARCH_PATHS = (
					"$(inherited)",
					"@executable_path/Frameworks",
				);
				MARKETING_VERSION = 0.0.1;
				PRODUCT_BUNDLE_IDENTIFIER = com.geonseobkim.MeaningOut;
				PRODUCT_NAME = "$(TARGET_NAME)";
				SUPPORTED_PLATFORMS = "iphoneos iphonesimulator";
				SUPPORTS_MACCATALYST = NO;
				SUPPORTS_MAC_DESIGNED_FOR_IPHONE_IPAD = NO;
				SUPPORTS_XR_DESIGNED_FOR_IPHONE_IPAD = NO;
				SWIFT_EMIT_LOC_STRINGS = YES;
				SWIFT_VERSION = 5.0;
				TARGETED_DEVICE_FAMILY = 1;
			};
			name = Release;
		};
/* End XCBuildConfiguration section */

/* Begin XCConfigurationList section */
		BE3FE3702C1B01B600F58754 /* Build configuration list for PBXProject "MeaningOut" */ = {
			isa = XCConfigurationList;
			buildConfigurations = (
				BE3FE3872C1B01B800F58754 /* Debug */,
				BE3FE3882C1B01B800F58754 /* Release */,
			);
			defaultConfigurationIsVisible = 0;
			defaultConfigurationName = Release;
		};
		BE3FE3892C1B01B800F58754 /* Build configuration list for PBXNativeTarget "MeaningOut" */ = {
			isa = XCConfigurationList;
			buildConfigurations = (
				BE3FE38A2C1B01B800F58754 /* Debug */,
				BE3FE38B2C1B01B800F58754 /* Release */,
			);
			defaultConfigurationIsVisible = 0;
			defaultConfigurationName = Release;
		};
/* End XCConfigurationList section */

/* Begin XCRemoteSwiftPackageReference section */
		BE3FE3AF2C1C204200F58754 /* XCRemoteSwiftPackageReference "SnapKit" */ = {
			isa = XCRemoteSwiftPackageReference;
			repositoryURL = "https://github.com/SnapKit/SnapKit.git";
			requirement = {
				kind = upToNextMajorVersion;
				minimumVersion = 5.7.1;
			};
		};
		BE3FE3B22C1C204E00F58754 /* XCRemoteSwiftPackageReference "Kingfisher" */ = {
			isa = XCRemoteSwiftPackageReference;
			repositoryURL = "https://github.com/onevcat/Kingfisher";
			requirement = {
				kind = upToNextMajorVersion;
				minimumVersion = 7.12.0;
			};
		};
		BE3FE3B52C1C205900F58754 /* XCRemoteSwiftPackageReference "Alamofire" */ = {
			isa = XCRemoteSwiftPackageReference;
			repositoryURL = "https://github.com/Alamofire/Alamofire.git";
			requirement = {
				kind = upToNextMajorVersion;
				minimumVersion = 5.9.1;
			};
		};
/* End XCRemoteSwiftPackageReference section */

/* Begin XCSwiftPackageProductDependency section */
		BE3FE3B02C1C204200F58754 /* SnapKit */ = {
			isa = XCSwiftPackageProductDependency;
			package = BE3FE3AF2C1C204200F58754 /* XCRemoteSwiftPackageReference "SnapKit" */;
			productName = SnapKit;
		};
		BE3FE3B32C1C204E00F58754 /* Kingfisher */ = {
			isa = XCSwiftPackageProductDependency;
			package = BE3FE3B22C1C204E00F58754 /* XCRemoteSwiftPackageReference "Kingfisher" */;
			productName = Kingfisher;
		};
		BE3FE3B62C1C205900F58754 /* Alamofire */ = {
			isa = XCSwiftPackageProductDependency;
			package = BE3FE3B52C1C205900F58754 /* XCRemoteSwiftPackageReference "Alamofire" */;
			productName = Alamofire;
		};
/* End XCSwiftPackageProductDependency section */
	};
	rootObject = BE3FE36D2C1B01B600F58754 /* Project object */;
}
